
Microsoft Visual Studio Solution File, Format Version 12.00
# Visual Studio Version 17
VisualStudioVersion = 17.3.32901.215
MinimumVisualStudioVersion = 10.0.40219.1
Project("{8BC9CEB8-8B4A-11D0-8D11-00A0C91BC942}") = "LaputinCppServer", "LaputinCppServer\LaputinCppServer.vcxproj", "{42F43AD7-2A13-40BC-9C6A-4A499EB3A577}"
EndProject
Project("{8BC9CEB8-8B4A-11D0-8D11-00A0C91BC942}") = "LaputinCppClient", "LaputinCppClient\LaputinCppClient.vcxproj", "{BD831F1E-4524-49AF-8D6A-FC9740744794}"
EndProject
Global
	GlobalSection(SolutionConfigurationPlatforms) = preSolution
		Debug|x64 = Debug|x64
		Debug|x86 = Debug|x86
		Release|x64 = Release|x64
		Release|x86 = Release|x86
	EndGlobalSection
	GlobalSection(ProjectConfigurationPlatforms) = postSolution
		{42F43AD7-2A13-40BC-9C6A-4A499EB3A577}.Debug|x64.ActiveCfg = Debug|x64
		{42F43AD7-2A13-40BC-9C6A-4A499EB3A577}.Debug|x64.Build.0 = Debug|x64
		{42F43AD7-2A13-40BC-9C6A-4A499EB3A577}.Debug|x86.ActiveCfg = Debug|Win32
		{42F43AD7-2A13-40BC-9C6A-4A499EB3A577}.Debug|x86.Build.0 = Debug|Win32
		{42F43AD7-2A13-40BC-9C6A-4A499EB3A577}.Release|x64.ActiveCfg = Release|x64
		{42F43AD7-2A13-40BC-9C6A-4A499EB3A577}.Release|x64.Build.0 = Release|x64
		{42F43AD7-2A13-40BC-9C6A-4A499EB3A577}.Release|x86.ActiveCfg = Release|Win32
		{42F43AD7-2A13-40BC-9C6A-4A499EB3A577}.Release|x86.Build.0 = Release|Win32
		{BD831F1E-4524-49AF-8D6A-FC9740744794}.Debug|x64.ActiveCfg = Debug|x64
		{BD831F1E-4524-49AF-8D6A-FC9740744794}.Debug|x64.Build.0 = Debug|x64
		{BD831F1E-4524-49AF-8D6A-FC9740744794}.Debug|x86.ActiveCfg = Debug|Win32
		{BD831F1E-4524-49AF-8D6A-FC9740744794}.Debug|x86.Build.0 = Debug|Win32
		{BD831F1E-4524-49AF-8D6A-FC9740744794}.Release|x64.ActiveCfg = Release|x64
		{BD831F1E-4524-49AF-8D6A-FC9740744794}.Release|x64.Build.0 = Release|x64
		{BD831F1E-4524-49AF-8D6A-FC9740744794}.Release|x86.ActiveCfg = Release|Win32
		{BD831F1E-4524-49AF-8D6A-FC9740744794}.Release|x86.Build.0 = Release|Win32
	EndGlobalSection
	GlobalSection(SolutionProperties) = preSolution
		HideSolutionNode = FALSE
	EndGlobalSection
	GlobalSection(ExtensibilityGlobals) = postSolution
		SolutionGuid = {6F88521D-205D-4479-B7AF-C42BC31FDE9D}
	EndGlobalSection
EndGlobal
